// !$*UTF8*$!
{
	archiveVersion = 1;
	classes = {
	};
	objectVersion = 46;
	objects = {

/* Begin PBXBuildFile section */
		2E11049D1B40FDD4003ACDD7 /* DatePickerViewController.swift in Sources */ = {isa = PBXBuildFile; fileRef = 2E11049B1B40FDD4003ACDD7 /* DatePickerViewController.swift */; };
		2E11049E1B40FDD4003ACDD7 /* DatePickerViewController.xib in Resources */ = {isa = PBXBuildFile; fileRef = 2E11049C1B40FDD4003ACDD7 /* DatePickerViewController.xib */; };
		2E4402421B6D35F500B72F0F /* UIColor+MaterialPalette.m in Sources */ = {isa = PBXBuildFile; fileRef = 2E4402411B6D35F500B72F0F /* UIColor+MaterialPalette.m */; };
		2E4402441B6D4FD600B72F0F /* GroupedTextField.swift in Sources */ = {isa = PBXBuildFile; fileRef = 2E4402431B6D4FD600B72F0F /* GroupedTextField.swift */; };
		2E540ED81B367F9D00DA4490 /* TextField.swift in Sources */ = {isa = PBXBuildFile; fileRef = 2E540ED71B367F9D00DA4490 /* TextField.swift */; };
		2E77CFA91B4077F0001AA867 /* LoginOptionsViewController.swift in Sources */ = {isa = PBXBuildFile; fileRef = 2E77CFA71B4077F0001AA867 /* LoginOptionsViewController.swift */; };
		2E77CFAA1B4077F0001AA867 /* LoginOptionsViewController.xib in Resources */ = {isa = PBXBuildFile; fileRef = 2E77CFA81B4077F0001AA867 /* LoginOptionsViewController.xib */; };
		2E7D14801B471E8A0061CA8B /* LunchMeetSingleton.swift in Sources */ = {isa = PBXBuildFile; fileRef = 2E7D147F1B471E8A0061CA8B /* LunchMeetSingleton.swift */; };
		2E7D14841B4721F70061CA8B /* MainTableViewCell.swift in Sources */ = {isa = PBXBuildFile; fileRef = 2E7D14821B4721F70061CA8B /* MainTableViewCell.swift */; };
		2E7D14851B4721F70061CA8B /* MainTableViewCell.xib in Resources */ = {isa = PBXBuildFile; fileRef = 2E7D14831B4721F70061CA8B /* MainTableViewCell.xib */; };
		2E8543C81B46E58B006C3BA9 /* SettingsViewController.swift in Sources */ = {isa = PBXBuildFile; fileRef = 2E8543C61B46E58B006C3BA9 /* SettingsViewController.swift */; };
		2E8543C91B46E58B006C3BA9 /* SettingsViewController.xib in Resources */ = {isa = PBXBuildFile; fileRef = 2E8543C71B46E58B006C3BA9 /* SettingsViewController.xib */; };
		2E865AA11B88FD8C00C3C195 /* LocationTableViewCell.swift in Sources */ = {isa = PBXBuildFile; fileRef = 2E865A9F1B88FD8C00C3C195 /* LocationTableViewCell.swift */; };
		2E865AA21B88FD8C00C3C195 /* LocationTableViewCell.xib in Resources */ = {isa = PBXBuildFile; fileRef = 2E865AA01B88FD8C00C3C195 /* LocationTableViewCell.xib */; };
		2E865AA51B891B5300C3C195 /* Annotation.swift in Sources */ = {isa = PBXBuildFile; fileRef = 2E865AA41B891B5300C3C195 /* Annotation.swift */; };
		2E8D05F31B3F9CD800223559 /* Button.swift in Sources */ = {isa = PBXBuildFile; fileRef = 2E8D05F21B3F9CD800223559 /* Button.swift */; };
		2E92C9F11B40CC8B00E9BF45 /* JTCalendar.m in Sources */ = {isa = PBXBuildFile; fileRef = 2E92C9DB1B40CC8B00E9BF45 /* JTCalendar.m */; };
		2E92C9F21B40CC8B00E9BF45 /* JTCalendarAppearance.m in Sources */ = {isa = PBXBuildFile; fileRef = 2E92C9DD1B40CC8B00E9BF45 /* JTCalendarAppearance.m */; };
		2E92C9F31B40CC8B00E9BF45 /* JTCalendarContentView.m in Sources */ = {isa = PBXBuildFile; fileRef = 2E92C9DF1B40CC8B00E9BF45 /* JTCalendarContentView.m */; };
		2E92C9F41B40CC8B00E9BF45 /* JTCalendarDataCache.m in Sources */ = {isa = PBXBuildFile; fileRef = 2E92C9E11B40CC8B00E9BF45 /* JTCalendarDataCache.m */; };
		2E92C9F51B40CC8B00E9BF45 /* JTCalendarDayView.m in Sources */ = {isa = PBXBuildFile; fileRef = 2E92C9E31B40CC8B00E9BF45 /* JTCalendarDayView.m */; };
		2E92C9F61B40CC8B00E9BF45 /* JTCalendarMenuMonthView.m in Sources */ = {isa = PBXBuildFile; fileRef = 2E92C9E51B40CC8B00E9BF45 /* JTCalendarMenuMonthView.m */; };
		2E92C9F71B40CC8B00E9BF45 /* JTCalendarMenuView.m in Sources */ = {isa = PBXBuildFile; fileRef = 2E92C9E71B40CC8B00E9BF45 /* JTCalendarMenuView.m */; };
		2E92C9F81B40CC8B00E9BF45 /* JTCalendarMonthView.m in Sources */ = {isa = PBXBuildFile; fileRef = 2E92C9E91B40CC8B00E9BF45 /* JTCalendarMonthView.m */; };
		2E92C9F91B40CC8B00E9BF45 /* JTCalendarMonthWeekDaysView.m in Sources */ = {isa = PBXBuildFile; fileRef = 2E92C9EB1B40CC8B00E9BF45 /* JTCalendarMonthWeekDaysView.m */; };
		2E92C9FA1B40CC8B00E9BF45 /* JTCalendarWeekView.m in Sources */ = {isa = PBXBuildFile; fileRef = 2E92C9EE1B40CC8B00E9BF45 /* JTCalendarWeekView.m */; };
		2E92C9FB1B40CC8B00E9BF45 /* JTCircleView.m in Sources */ = {isa = PBXBuildFile; fileRef = 2E92C9F01B40CC8B00E9BF45 /* JTCircleView.m */; };
		2E9D5F6C1B61B2070054D341 /* NonEditableProfileViewController.swift in Sources */ = {isa = PBXBuildFile; fileRef = 2E9D5F6A1B61B2070054D341 /* NonEditableProfileViewController.swift */; };
		2E9D5F6D1B61B2070054D341 /* NonEditableProfileViewController.xib in Resources */ = {isa = PBXBuildFile; fileRef = 2E9D5F6B1B61B2070054D341 /* NonEditableProfileViewController.xib */; };
		2EAA3BA81B828A270091C2F8 /* MapKit.framework in Frameworks */ = {isa = PBXBuildFile; fileRef = 2EAA3BA71B828A270091C2F8 /* MapKit.framework */; };
		2EF4A0E31B293E95003ED259 /* AppDelegate.swift in Sources */ = {isa = PBXBuildFile; fileRef = 2EF4A0E21B293E95003ED259 /* AppDelegate.swift */; };
		2EF4A0EA1B293E95003ED259 /* Images.xcassets in Resources */ = {isa = PBXBuildFile; fileRef = 2EF4A0E91B293E95003ED259 /* Images.xcassets */; };
		2EF4A0ED1B293E95003ED259 /* LaunchScreen.xib in Resources */ = {isa = PBXBuildFile; fileRef = 2EF4A0EB1B293E95003ED259 /* LaunchScreen.xib */; };
		2EF4A0F91B293E95003ED259 /* Lunch_MeetTests.swift in Sources */ = {isa = PBXBuildFile; fileRef = 2EF4A0F81B293E95003ED259 /* Lunch_MeetTests.swift */; };
		2EF4A1041B293F24003ED259 /* LoginViewController.swift in Sources */ = {isa = PBXBuildFile; fileRef = 2EF4A1021B293F24003ED259 /* LoginViewController.swift */; };
		2EF4A1051B293F24003ED259 /* LoginViewController.xib in Resources */ = {isa = PBXBuildFile; fileRef = 2EF4A1031B293F24003ED259 /* LoginViewController.xib */; };
		2EF4A10A1B294201003ED259 /* MainViewController.swift in Sources */ = {isa = PBXBuildFile; fileRef = 2EF4A1081B294201003ED259 /* MainViewController.swift */; };
		2EF4A10B1B294201003ED259 /* MainViewController.xib in Resources */ = {isa = PBXBuildFile; fileRef = 2EF4A1091B294201003ED259 /* MainViewController.xib */; };
		2EF4A10E1B294426003ED259 /* iAd.framework in Frameworks */ = {isa = PBXBuildFile; fileRef = 2EF4A10D1B294426003ED259 /* iAd.framework */; };
		2EF4A1111B2949CE003ED259 /* ProfileViewController.swift in Sources */ = {isa = PBXBuildFile; fileRef = 2EF4A10F1B2949CE003ED259 /* ProfileViewController.swift */; };
		2EF4A1121B2949CE003ED259 /* ProfileViewController.xib in Resources */ = {isa = PBXBuildFile; fileRef = 2EF4A1101B2949CE003ED259 /* ProfileViewController.xib */; };
		2EF6C0401B4F7C9F009C6B35 /* ProfileListTableViewController.swift in Sources */ = {isa = PBXBuildFile; fileRef = 2EF6C03E1B4F7C9F009C6B35 /* ProfileListTableViewController.swift */; };
		2EF6C0411B4F7C9F009C6B35 /* ProfileListTableViewController.xib in Resources */ = {isa = PBXBuildFile; fileRef = 2EF6C03F1B4F7C9F009C6B35 /* ProfileListTableViewController.xib */; };
		2EF6C0451B4F7ED3009C6B35 /* ProfileListTableViewCell.swift in Sources */ = {isa = PBXBuildFile; fileRef = 2EF6C0431B4F7ED3009C6B35 /* ProfileListTableViewCell.swift */; };
		2EF6C0461B4F7ED3009C6B35 /* ProfileListTableViewCell.xib in Resources */ = {isa = PBXBuildFile; fileRef = 2EF6C0441B4F7ED3009C6B35 /* ProfileListTableViewCell.xib */; };
/* End PBXBuildFile section */

/* Begin PBXContainerItemProxy section */
		2EF4A0F31B293E95003ED259 /* PBXContainerItemProxy */ = {
			isa = PBXContainerItemProxy;
			containerPortal = 2EF4A0D51B293E95003ED259 /* Project object */;
			proxyType = 1;
			remoteGlobalIDString = 2EF4A0DC1B293E95003ED259;
			remoteInfo = "Lunch Meet";
		};
/* End PBXContainerItemProxy section */

/* Begin PBXFileReference section */
		2E11049B1B40FDD4003ACDD7 /* DatePickerViewController.swift */ = {isa = PBXFileReference; fileEncoding = 4; lastKnownFileType = sourcecode.swift; path = DatePickerViewController.swift; sourceTree = "<group>"; };
		2E11049C1B40FDD4003ACDD7 /* DatePickerViewController.xib */ = {isa = PBXFileReference; fileEncoding = 4; lastKnownFileType = file.xib; path = DatePickerViewController.xib; sourceTree = "<group>"; };
		2E4402401B6D35F500B72F0F /* UIColor+MaterialPalette.h */ = {isa = PBXFileReference; fileEncoding = 4; lastKnownFileType = sourcecode.c.h; path = "UIColor+MaterialPalette.h"; sourceTree = "<group>"; };
		2E4402411B6D35F500B72F0F /* UIColor+MaterialPalette.m */ = {isa = PBXFileReference; fileEncoding = 4; lastKnownFileType = sourcecode.c.objc; path = "UIColor+MaterialPalette.m"; sourceTree = "<group>"; };
		2E4402431B6D4FD600B72F0F /* GroupedTextField.swift */ = {isa = PBXFileReference; fileEncoding = 4; lastKnownFileType = sourcecode.swift; path = GroupedTextField.swift; sourceTree = "<group>"; };
		2E540ED71B367F9D00DA4490 /* TextField.swift */ = {isa = PBXFileReference; fileEncoding = 4; lastKnownFileType = sourcecode.swift; path = TextField.swift; sourceTree = "<group>"; };
		2E77CFA71B4077F0001AA867 /* LoginOptionsViewController.swift */ = {isa = PBXFileReference; fileEncoding = 4; lastKnownFileType = sourcecode.swift; path = LoginOptionsViewController.swift; sourceTree = "<group>"; };
		2E77CFA81B4077F0001AA867 /* LoginOptionsViewController.xib */ = {isa = PBXFileReference; fileEncoding = 4; lastKnownFileType = file.xib; path = LoginOptionsViewController.xib; sourceTree = "<group>"; };
		2E7D147F1B471E8A0061CA8B /* LunchMeetSingleton.swift */ = {isa = PBXFileReference; fileEncoding = 4; lastKnownFileType = sourcecode.swift; path = LunchMeetSingleton.swift; sourceTree = "<group>"; };
		2E7D14821B4721F70061CA8B /* MainTableViewCell.swift */ = {isa = PBXFileReference; fileEncoding = 4; lastKnownFileType = sourcecode.swift; path = MainTableViewCell.swift; sourceTree = "<group>"; };
		2E7D14831B4721F70061CA8B /* MainTableViewCell.xib */ = {isa = PBXFileReference; fileEncoding = 4; lastKnownFileType = file.xib; path = MainTableViewCell.xib; sourceTree = "<group>"; };
		2E8543C61B46E58B006C3BA9 /* SettingsViewController.swift */ = {isa = PBXFileReference; fileEncoding = 4; lastKnownFileType = sourcecode.swift; path = SettingsViewController.swift; sourceTree = "<group>"; };
		2E8543C71B46E58B006C3BA9 /* SettingsViewController.xib */ = {isa = PBXFileReference; fileEncoding = 4; lastKnownFileType = file.xib; path = SettingsViewController.xib; sourceTree = "<group>"; };
		2E865A9F1B88FD8C00C3C195 /* LocationTableViewCell.swift */ = {isa = PBXFileReference; fileEncoding = 4; lastKnownFileType = sourcecode.swift; path = LocationTableViewCell.swift; sourceTree = "<group>"; };
		2E865AA01B88FD8C00C3C195 /* LocationTableViewCell.xib */ = {isa = PBXFileReference; fileEncoding = 4; lastKnownFileType = file.xib; path = LocationTableViewCell.xib; sourceTree = "<group>"; };
		2E865AA41B891B5300C3C195 /* Annotation.swift */ = {isa = PBXFileReference; fileEncoding = 4; lastKnownFileType = sourcecode.swift; path = Annotation.swift; sourceTree = "<group>"; };
		2E8D05F21B3F9CD800223559 /* Button.swift */ = {isa = PBXFileReference; fileEncoding = 4; lastKnownFileType = sourcecode.swift; path = Button.swift; sourceTree = "<group>"; };
		2E92C9DA1B40CC8B00E9BF45 /* JTCalendar.h */ = {isa = PBXFileReference; fileEncoding = 4; lastKnownFileType = sourcecode.c.h; path = JTCalendar.h; sourceTree = "<group>"; };
		2E92C9DB1B40CC8B00E9BF45 /* JTCalendar.m */ = {isa = PBXFileReference; fileEncoding = 4; lastKnownFileType = sourcecode.c.objc; path = JTCalendar.m; sourceTree = "<group>"; };
		2E92C9DC1B40CC8B00E9BF45 /* JTCalendarAppearance.h */ = {isa = PBXFileReference; fileEncoding = 4; lastKnownFileType = sourcecode.c.h; path = JTCalendarAppearance.h; sourceTree = "<group>"; };
		2E92C9DD1B40CC8B00E9BF45 /* JTCalendarAppearance.m */ = {isa = PBXFileReference; fileEncoding = 4; lastKnownFileType = sourcecode.c.objc; path = JTCalendarAppearance.m; sourceTree = "<group>"; };
		2E92C9DE1B40CC8B00E9BF45 /* JTCalendarContentView.h */ = {isa = PBXFileReference; fileEncoding = 4; lastKnownFileType = sourcecode.c.h; path = JTCalendarContentView.h; sourceTree = "<group>"; };
		2E92C9DF1B40CC8B00E9BF45 /* JTCalendarContentView.m */ = {isa = PBXFileReference; fileEncoding = 4; lastKnownFileType = sourcecode.c.objc; path = JTCalendarContentView.m; sourceTree = "<group>"; };
		2E92C9E01B40CC8B00E9BF45 /* JTCalendarDataCache.h */ = {isa = PBXFileReference; fileEncoding = 4; lastKnownFileType = sourcecode.c.h; path = JTCalendarDataCache.h; sourceTree = "<group>"; };
		2E92C9E11B40CC8B00E9BF45 /* JTCalendarDataCache.m */ = {isa = PBXFileReference; fileEncoding = 4; lastKnownFileType = sourcecode.c.objc; path = JTCalendarDataCache.m; sourceTree = "<group>"; };
		2E92C9E21B40CC8B00E9BF45 /* JTCalendarDayView.h */ = {isa = PBXFileReference; fileEncoding = 4; lastKnownFileType = sourcecode.c.h; path = JTCalendarDayView.h; sourceTree = "<group>"; };
		2E92C9E31B40CC8B00E9BF45 /* JTCalendarDayView.m */ = {isa = PBXFileReference; fileEncoding = 4; lastKnownFileType = sourcecode.c.objc; path = JTCalendarDayView.m; sourceTree = "<group>"; };
		2E92C9E41B40CC8B00E9BF45 /* JTCalendarMenuMonthView.h */ = {isa = PBXFileReference; fileEncoding = 4; lastKnownFileType = sourcecode.c.h; path = JTCalendarMenuMonthView.h; sourceTree = "<group>"; };
		2E92C9E51B40CC8B00E9BF45 /* JTCalendarMenuMonthView.m */ = {isa = PBXFileReference; fileEncoding = 4; lastKnownFileType = sourcecode.c.objc; path = JTCalendarMenuMonthView.m; sourceTree = "<group>"; };
		2E92C9E61B40CC8B00E9BF45 /* JTCalendarMenuView.h */ = {isa = PBXFileReference; fileEncoding = 4; lastKnownFileType = sourcecode.c.h; path = JTCalendarMenuView.h; sourceTree = "<group>"; };
		2E92C9E71B40CC8B00E9BF45 /* JTCalendarMenuView.m */ = {isa = PBXFileReference; fileEncoding = 4; lastKnownFileType = sourcecode.c.objc; path = JTCalendarMenuView.m; sourceTree = "<group>"; };
		2E92C9E81B40CC8B00E9BF45 /* JTCalendarMonthView.h */ = {isa = PBXFileReference; fileEncoding = 4; lastKnownFileType = sourcecode.c.h; path = JTCalendarMonthView.h; sourceTree = "<group>"; };
		2E92C9E91B40CC8B00E9BF45 /* JTCalendarMonthView.m */ = {isa = PBXFileReference; fileEncoding = 4; lastKnownFileType = sourcecode.c.objc; path = JTCalendarMonthView.m; sourceTree = "<group>"; };
		2E92C9EA1B40CC8B00E9BF45 /* JTCalendarMonthWeekDaysView.h */ = {isa = PBXFileReference; fileEncoding = 4; lastKnownFileType = sourcecode.c.h; path = JTCalendarMonthWeekDaysView.h; sourceTree = "<group>"; };
		2E92C9EB1B40CC8B00E9BF45 /* JTCalendarMonthWeekDaysView.m */ = {isa = PBXFileReference; fileEncoding = 4; lastKnownFileType = sourcecode.c.objc; path = JTCalendarMonthWeekDaysView.m; sourceTree = "<group>"; };
		2E92C9EC1B40CC8B00E9BF45 /* JTCalendarViewDataSource.h */ = {isa = PBXFileReference; fileEncoding = 4; lastKnownFileType = sourcecode.c.h; path = JTCalendarViewDataSource.h; sourceTree = "<group>"; };
		2E92C9ED1B40CC8B00E9BF45 /* JTCalendarWeekView.h */ = {isa = PBXFileReference; fileEncoding = 4; lastKnownFileType = sourcecode.c.h; path = JTCalendarWeekView.h; sourceTree = "<group>"; };
		2E92C9EE1B40CC8B00E9BF45 /* JTCalendarWeekView.m */ = {isa = PBXFileReference; fileEncoding = 4; lastKnownFileType = sourcecode.c.objc; path = JTCalendarWeekView.m; sourceTree = "<group>"; };
		2E92C9EF1B40CC8B00E9BF45 /* JTCircleView.h */ = {isa = PBXFileReference; fileEncoding = 4; lastKnownFileType = sourcecode.c.h; path = JTCircleView.h; sourceTree = "<group>"; };
		2E92C9F01B40CC8B00E9BF45 /* JTCircleView.m */ = {isa = PBXFileReference; fileEncoding = 4; lastKnownFileType = sourcecode.c.objc; path = JTCircleView.m; sourceTree = "<group>"; };
		2E92C9FD1B40CE8C00E9BF45 /* LunchMeet-Bridging-Header.h */ = {isa = PBXFileReference; lastKnownFileType = sourcecode.c.h; path = "LunchMeet-Bridging-Header.h"; sourceTree = "<group>"; };
		2E9D5F6A1B61B2070054D341 /* NonEditableProfileViewController.swift */ = {isa = PBXFileReference; fileEncoding = 4; lastKnownFileType = sourcecode.swift; path = NonEditableProfileViewController.swift; sourceTree = "<group>"; };
		2E9D5F6B1B61B2070054D341 /* NonEditableProfileViewController.xib */ = {isa = PBXFileReference; fileEncoding = 4; lastKnownFileType = file.xib; path = NonEditableProfileViewController.xib; sourceTree = "<group>"; };
		2EAA3BA71B828A270091C2F8 /* MapKit.framework */ = {isa = PBXFileReference; lastKnownFileType = wrapper.framework; name = MapKit.framework; path = System/Library/Frameworks/MapKit.framework; sourceTree = SDKROOT; };
		2EF4A0DD1B293E95003ED259 /* Lunch Meet.app */ = {isa = PBXFileReference; explicitFileType = wrapper.application; includeInIndex = 0; path = "Lunch Meet.app"; sourceTree = BUILT_PRODUCTS_DIR; };
		2EF4A0E11B293E95003ED259 /* Info.plist */ = {isa = PBXFileReference; lastKnownFileType = text.plist.xml; path = Info.plist; sourceTree = "<group>"; };
		2EF4A0E21B293E95003ED259 /* AppDelegate.swift */ = {isa = PBXFileReference; lastKnownFileType = sourcecode.swift; path = AppDelegate.swift; sourceTree = "<group>"; };
		2EF4A0E91B293E95003ED259 /* Images.xcassets */ = {isa = PBXFileReference; lastKnownFileType = folder.assetcatalog; path = Images.xcassets; sourceTree = "<group>"; };
		2EF4A0EC1B293E95003ED259 /* Base */ = {isa = PBXFileReference; lastKnownFileType = file.xib; name = Base; path = Base.lproj/LaunchScreen.xib; sourceTree = "<group>"; };
		2EF4A0F21B293E95003ED259 /* Lunch MeetTests.xctest */ = {isa = PBXFileReference; explicitFileType = wrapper.cfbundle; includeInIndex = 0; path = "Lunch MeetTests.xctest"; sourceTree = BUILT_PRODUCTS_DIR; };
		2EF4A0F71B293E95003ED259 /* Info.plist */ = {isa = PBXFileReference; lastKnownFileType = text.plist.xml; path = Info.plist; sourceTree = "<group>"; };
		2EF4A0F81B293E95003ED259 /* Lunch_MeetTests.swift */ = {isa = PBXFileReference; lastKnownFileType = sourcecode.swift; path = Lunch_MeetTests.swift; sourceTree = "<group>"; };
		2EF4A1021B293F24003ED259 /* LoginViewController.swift */ = {isa = PBXFileReference; fileEncoding = 4; lastKnownFileType = sourcecode.swift; path = LoginViewController.swift; sourceTree = "<group>"; };
		2EF4A1031B293F24003ED259 /* LoginViewController.xib */ = {isa = PBXFileReference; fileEncoding = 4; lastKnownFileType = file.xib; path = LoginViewController.xib; sourceTree = "<group>"; };
		2EF4A1081B294201003ED259 /* MainViewController.swift */ = {isa = PBXFileReference; fileEncoding = 4; lastKnownFileType = sourcecode.swift; path = MainViewController.swift; sourceTree = "<group>"; };
		2EF4A1091B294201003ED259 /* MainViewController.xib */ = {isa = PBXFileReference; fileEncoding = 4; lastKnownFileType = file.xib; path = MainViewController.xib; sourceTree = "<group>"; };
		2EF4A10D1B294426003ED259 /* iAd.framework */ = {isa = PBXFileReference; lastKnownFileType = wrapper.framework; name = iAd.framework; path = System/Library/Frameworks/iAd.framework; sourceTree = SDKROOT; };
		2EF4A10F1B2949CE003ED259 /* ProfileViewController.swift */ = {isa = PBXFileReference; fileEncoding = 4; lastKnownFileType = sourcecode.swift; path = ProfileViewController.swift; sourceTree = "<group>"; };
		2EF4A1101B2949CE003ED259 /* ProfileViewController.xib */ = {isa = PBXFileReference; fileEncoding = 4; lastKnownFileType = file.xib; path = ProfileViewController.xib; sourceTree = "<group>"; };
		2EF6C03E1B4F7C9F009C6B35 /* ProfileListTableViewController.swift */ = {isa = PBXFileReference; fileEncoding = 4; lastKnownFileType = sourcecode.swift; path = ProfileListTableViewController.swift; sourceTree = "<group>"; };
		2EF6C03F1B4F7C9F009C6B35 /* ProfileListTableViewController.xib */ = {isa = PBXFileReference; fileEncoding = 4; lastKnownFileType = file.xib; path = ProfileListTableViewController.xib; sourceTree = "<group>"; };
		2EF6C0431B4F7ED3009C6B35 /* ProfileListTableViewCell.swift */ = {isa = PBXFileReference; fileEncoding = 4; lastKnownFileType = sourcecode.swift; path = ProfileListTableViewCell.swift; sourceTree = "<group>"; };
		2EF6C0441B4F7ED3009C6B35 /* ProfileListTableViewCell.xib */ = {isa = PBXFileReference; fileEncoding = 4; lastKnownFileType = file.xib; path = ProfileListTableViewCell.xib; sourceTree = "<group>"; };
/* End PBXFileReference section */

/* Begin PBXFrameworksBuildPhase section */
		2EF4A0DA1B293E95003ED259 /* Frameworks */ = {
			isa = PBXFrameworksBuildPhase;
			buildActionMask = 2147483647;
			files = (
				2EAA3BA81B828A270091C2F8 /* MapKit.framework in Frameworks */,
				2EF4A10E1B294426003ED259 /* iAd.framework in Frameworks */,
			);
			runOnlyForDeploymentPostprocessing = 0;
		};
		2EF4A0EF1B293E95003ED259 /* Frameworks */ = {
			isa = PBXFrameworksBuildPhase;
			buildActionMask = 2147483647;
			files = (
			);
			runOnlyForDeploymentPostprocessing = 0;
		};
/* End PBXFrameworksBuildPhase section */

/* Begin PBXGroup section */
		2E11049F1B40FDDA003ACDD7 /* Date Picker */ = {
			isa = PBXGroup;
			children = (
				2E11049B1B40FDD4003ACDD7 /* DatePickerViewController.swift */,
				2E11049C1B40FDD4003ACDD7 /* DatePickerViewController.xib */,
			);
			name = "Date Picker";
			sourceTree = "<group>";
		};
		2E44023F1B6D35F500B72F0F /* UIColor+MaterialPalette */ = {
			isa = PBXGroup;
			children = (
				2E4402401B6D35F500B72F0F /* UIColor+MaterialPalette.h */,
				2E4402411B6D35F500B72F0F /* UIColor+MaterialPalette.m */,
			);
			path = "UIColor+MaterialPalette";
			sourceTree = "<group>";
		};
		2E540ED91B367FA300DA4490 /* Custom Objects */ = {
			isa = PBXGroup;
			children = (
				2E540ED71B367F9D00DA4490 /* TextField.swift */,
				2E8D05F21B3F9CD800223559 /* Button.swift */,
				2E4402431B6D4FD600B72F0F /* GroupedTextField.swift */,
				2E865AA41B891B5300C3C195 /* Annotation.swift */,
			);
			name = "Custom Objects";
			sourceTree = "<group>";
		};
		2E77CFA61B40773E001AA867 /* Login Options */ = {
			isa = PBXGroup;
			children = (
				2E77CFA71B4077F0001AA867 /* LoginOptionsViewController.swift */,
				2E77CFA81B4077F0001AA867 /* LoginOptionsViewController.xib */,
			);
			name = "Login Options";
			sourceTree = "<group>";
		};
		2E7D14811B4721D40061CA8B /* Views */ = {
			isa = PBXGroup;
			children = (
				2EF6C0421B4F7EB3009C6B35 /* Plans */,
				2EF6C0471B4F7ED6009C6B35 /* Profile List */,
				2E865AA31B88FD9000C3C195 /* Location */,
			);
			name = Views;
			sourceTree = "<group>";
		};
		2E8543CA1B46E58F006C3BA9 /* Settings */ = {
			isa = PBXGroup;
			children = (
				2E8543C61B46E58B006C3BA9 /* SettingsViewController.swift */,
				2E8543C71B46E58B006C3BA9 /* SettingsViewController.xib */,
			);
			name = Settings;
			sourceTree = "<group>";
		};
		2E865AA31B88FD9000C3C195 /* Location */ = {
			isa = PBXGroup;
			children = (
				2E865A9F1B88FD8C00C3C195 /* LocationTableViewCell.swift */,
				2E865AA01B88FD8C00C3C195 /* LocationTableViewCell.xib */,
			);
			name = Location;
			sourceTree = "<group>";
		};
		2E8D05E71B3F928C00223559 /* Profile List */ = {
			isa = PBXGroup;
			children = (
				2EF6C03E1B4F7C9F009C6B35 /* ProfileListTableViewController.swift */,
				2EF6C03F1B4F7C9F009C6B35 /* ProfileListTableViewController.xib */,
			);
			name = "Profile List";
			sourceTree = "<group>";
		};
		2E92C9511B40996A00E9BF45 /* Libraries */ = {
			isa = PBXGroup;
			children = (
				2E44023F1B6D35F500B72F0F /* UIColor+MaterialPalette */,
				2E92C9D91B40CC8B00E9BF45 /* JTCalendar */,
			);
			name = Libraries;
			sourceTree = "<group>";
		};
		2E92C9D91B40CC8B00E9BF45 /* JTCalendar */ = {
			isa = PBXGroup;
			children = (
				2E92C9DA1B40CC8B00E9BF45 /* JTCalendar.h */,
				2E92C9DB1B40CC8B00E9BF45 /* JTCalendar.m */,
				2E92C9DC1B40CC8B00E9BF45 /* JTCalendarAppearance.h */,
				2E92C9DD1B40CC8B00E9BF45 /* JTCalendarAppearance.m */,
				2E92C9DE1B40CC8B00E9BF45 /* JTCalendarContentView.h */,
				2E92C9DF1B40CC8B00E9BF45 /* JTCalendarContentView.m */,
				2E92C9E01B40CC8B00E9BF45 /* JTCalendarDataCache.h */,
				2E92C9E11B40CC8B00E9BF45 /* JTCalendarDataCache.m */,
				2E92C9E21B40CC8B00E9BF45 /* JTCalendarDayView.h */,
				2E92C9E31B40CC8B00E9BF45 /* JTCalendarDayView.m */,
				2E92C9E41B40CC8B00E9BF45 /* JTCalendarMenuMonthView.h */,
				2E92C9E51B40CC8B00E9BF45 /* JTCalendarMenuMonthView.m */,
				2E92C9E61B40CC8B00E9BF45 /* JTCalendarMenuView.h */,
				2E92C9E71B40CC8B00E9BF45 /* JTCalendarMenuView.m */,
				2E92C9E81B40CC8B00E9BF45 /* JTCalendarMonthView.h */,
				2E92C9E91B40CC8B00E9BF45 /* JTCalendarMonthView.m */,
				2E92C9EA1B40CC8B00E9BF45 /* JTCalendarMonthWeekDaysView.h */,
				2E92C9EB1B40CC8B00E9BF45 /* JTCalendarMonthWeekDaysView.m */,
				2E92C9EC1B40CC8B00E9BF45 /* JTCalendarViewDataSource.h */,
				2E92C9ED1B40CC8B00E9BF45 /* JTCalendarWeekView.h */,
				2E92C9EE1B40CC8B00E9BF45 /* JTCalendarWeekView.m */,
				2E92C9EF1B40CC8B00E9BF45 /* JTCircleView.h */,
				2E92C9F01B40CC8B00E9BF45 /* JTCircleView.m */,
			);
			path = JTCalendar;
			sourceTree = "<group>";
		};
		2E9D5F6E1B61B2100054D341 /* Noneditable Profile */ = {
			isa = PBXGroup;
			children = (
				2E9D5F6A1B61B2070054D341 /* NonEditableProfileViewController.swift */,
				2E9D5F6B1B61B2070054D341 /* NonEditableProfileViewController.xib */,
			);
			name = "Noneditable Profile";
			sourceTree = "<group>";
		};
		2EF4A0D41B293E95003ED259 = {
			isa = PBXGroup;
			children = (
				2EAA3BA71B828A270091C2F8 /* MapKit.framework */,
				2EF4A10D1B294426003ED259 /* iAd.framework */,
				2EF4A0DF1B293E95003ED259 /* Lunch Meet */,
				2EF4A0F51B293E95003ED259 /* Lunch MeetTests */,
				2EF4A0DE1B293E95003ED259 /* Products */,
			);
			sourceTree = "<group>";
		};
		2EF4A0DE1B293E95003ED259 /* Products */ = {
			isa = PBXGroup;
			children = (
				2EF4A0DD1B293E95003ED259 /* Lunch Meet.app */,
				2EF4A0F21B293E95003ED259 /* Lunch MeetTests.xctest */,
			);
			name = Products;
			sourceTree = "<group>";
		};
		2EF4A0DF1B293E95003ED259 /* Lunch Meet */ = {
			isa = PBXGroup;
			children = (
				2E92C9FD1B40CE8C00E9BF45 /* LunchMeet-Bridging-Header.h */,
				2EF4A0E21B293E95003ED259 /* AppDelegate.swift */,
				2E7D147F1B471E8A0061CA8B /* LunchMeetSingleton.swift */,
				2E92C9511B40996A00E9BF45 /* Libraries */,
				2E540ED91B367FA300DA4490 /* Custom Objects */,
				2E7D14811B4721D40061CA8B /* Views */,
				2EF4A1071B293F30003ED259 /* Controllers */,
				2EF4A0E91B293E95003ED259 /* Images.xcassets */,
				2EF4A0EB1B293E95003ED259 /* LaunchScreen.xib */,
				2EF4A0E01B293E95003ED259 /* Supporting Files */,
			);
			path = "Lunch Meet";
			sourceTree = "<group>";
		};
		2EF4A0E01B293E95003ED259 /* Supporting Files */ = {
			isa = PBXGroup;
			children = (
				2EF4A0E11B293E95003ED259 /* Info.plist */,
			);
			name = "Supporting Files";
			sourceTree = "<group>";
		};
		2EF4A0F51B293E95003ED259 /* Lunch MeetTests */ = {
			isa = PBXGroup;
			children = (
				2EF4A0F81B293E95003ED259 /* Lunch_MeetTests.swift */,
				2EF4A0F61B293E95003ED259 /* Supporting Files */,
			);
			path = "Lunch MeetTests";
			sourceTree = "<group>";
		};
		2EF4A0F61B293E95003ED259 /* Supporting Files */ = {
			isa = PBXGroup;
			children = (
				2EF4A0F71B293E95003ED259 /* Info.plist */,
			);
			name = "Supporting Files";
			sourceTree = "<group>";
		};
		2EF4A1061B293F28003ED259 /* Login */ = {
			isa = PBXGroup;
			children = (
				2EF4A1021B293F24003ED259 /* LoginViewController.swift */,
				2EF4A1031B293F24003ED259 /* LoginViewController.xib */,
			);
			name = Login;
			sourceTree = "<group>";
		};
		2EF4A1071B293F30003ED259 /* Controllers */ = {
			isa = PBXGroup;
			children = (
				2E77CFA61B40773E001AA867 /* Login Options */,
				2EF4A1061B293F28003ED259 /* Login */,
				2EF4A10C1B294204003ED259 /* Main */,
				2E11049F1B40FDDA003ACDD7 /* Date Picker */,
				2EF4A1131B2949D2003ED259 /* Profile */,
				2E8D05E71B3F928C00223559 /* Profile List */,
				2E8543CA1B46E58F006C3BA9 /* Settings */,
				2E9D5F6E1B61B2100054D341 /* Noneditable Profile */,
			);
			name = Controllers;
			sourceTree = "<group>";
		};
		2EF4A10C1B294204003ED259 /* Main */ = {
			isa = PBXGroup;
			children = (
				2EF4A1081B294201003ED259 /* MainViewController.swift */,
				2EF4A1091B294201003ED259 /* MainViewController.xib */,
			);
			name = Main;
			sourceTree = "<group>";
		};
		2EF4A1131B2949D2003ED259 /* Profile */ = {
			isa = PBXGroup;
			children = (
				2EF4A10F1B2949CE003ED259 /* ProfileViewController.swift */,
				2EF4A1101B2949CE003ED259 /* ProfileViewController.xib */,
			);
			name = Profile;
			sourceTree = "<group>";
		};
		2EF6C0421B4F7EB3009C6B35 /* Plans */ = {
			isa = PBXGroup;
			children = (
				2E7D14821B4721F70061CA8B /* MainTableViewCell.swift */,
				2E7D14831B4721F70061CA8B /* MainTableViewCell.xib */,
			);
			name = Plans;
			sourceTree = "<group>";
		};
		2EF6C0471B4F7ED6009C6B35 /* Profile List */ = {
			isa = PBXGroup;
			children = (
				2EF6C0431B4F7ED3009C6B35 /* ProfileListTableViewCell.swift */,
				2EF6C0441B4F7ED3009C6B35 /* ProfileListTableViewCell.xib */,
			);
			name = "Profile List";
			sourceTree = "<group>";
		};
/* End PBXGroup section */

/* Begin PBXNativeTarget section */
		2EF4A0DC1B293E95003ED259 /* Lunch Meet */ = {
			isa = PBXNativeTarget;
			buildConfigurationList = 2EF4A0FC1B293E95003ED259 /* Build configuration list for PBXNativeTarget "Lunch Meet" */;
			buildPhases = (
				2EF4A0D91B293E95003ED259 /* Sources */,
				2EF4A0DA1B293E95003ED259 /* Frameworks */,
				2EF4A0DB1B293E95003ED259 /* Resources */,
			);
			buildRules = (
			);
			dependencies = (
			);
			name = "Lunch Meet";
			productName = "Lunch Meet";
			productReference = 2EF4A0DD1B293E95003ED259 /* Lunch Meet.app */;
			productType = "com.apple.product-type.application";
		};
		2EF4A0F11B293E95003ED259 /* Lunch MeetTests */ = {
			isa = PBXNativeTarget;
			buildConfigurationList = 2EF4A0FF1B293E95003ED259 /* Build configuration list for PBXNativeTarget "Lunch MeetTests" */;
			buildPhases = (
				2EF4A0EE1B293E95003ED259 /* Sources */,
				2EF4A0EF1B293E95003ED259 /* Frameworks */,
				2EF4A0F01B293E95003ED259 /* Resources */,
			);
			buildRules = (
			);
			dependencies = (
				2EF4A0F41B293E95003ED259 /* PBXTargetDependency */,
			);
			name = "Lunch MeetTests";
			productName = "Lunch MeetTests";
			productReference = 2EF4A0F21B293E95003ED259 /* Lunch MeetTests.xctest */;
			productType = "com.apple.product-type.bundle.unit-test";
		};
/* End PBXNativeTarget section */

/* Begin PBXProject section */
		2EF4A0D51B293E95003ED259 /* Project object */ = {
			isa = PBXProject;
			attributes = {
				LastUpgradeCheck = 0630;
				ORGANIZATIONNAME = "Greyson Wright";
				TargetAttributes = {
					2EF4A0DC1B293E95003ED259 = {
						CreatedOnToolsVersion = 6.3.2;
					};
					2EF4A0F11B293E95003ED259 = {
						CreatedOnToolsVersion = 6.3.2;
						TestTargetID = 2EF4A0DC1B293E95003ED259;
					};
				};
			};
			buildConfigurationList = 2EF4A0D81B293E95003ED259 /* Build configuration list for PBXProject "Lunch Meet" */;
			compatibilityVersion = "Xcode 3.2";
			developmentRegion = English;
			hasScannedForEncodings = 0;
			knownRegions = (
				en,
				Base,
			);
			mainGroup = 2EF4A0D41B293E95003ED259;
			productRefGroup = 2EF4A0DE1B293E95003ED259 /* Products */;
			projectDirPath = "";
			projectRoot = "";
			targets = (
				2EF4A0DC1B293E95003ED259 /* Lunch Meet */,
				2EF4A0F11B293E95003ED259 /* Lunch MeetTests */,
			);
		};
/* End PBXProject section */

/* Begin PBXResourcesBuildPhase section */
		2EF4A0DB1B293E95003ED259 /* Resources */ = {
			isa = PBXResourcesBuildPhase;
			buildActionMask = 2147483647;
			files = (
				2E865AA21B88FD8C00C3C195 /* LocationTableViewCell.xib in Resources */,
				2E77CFAA1B4077F0001AA867 /* LoginOptionsViewController.xib in Resources */,
				2E8543C91B46E58B006C3BA9 /* SettingsViewController.xib in Resources */,
				2EF4A0ED1B293E95003ED259 /* LaunchScreen.xib in Resources */,
				2EF4A0EA1B293E95003ED259 /* Images.xcassets in Resources */,
				2E7D14851B4721F70061CA8B /* MainTableViewCell.xib in Resources */,
				2EF6C0461B4F7ED3009C6B35 /* ProfileListTableViewCell.xib in Resources */,
				2EF6C0411B4F7C9F009C6B35 /* ProfileListTableViewController.xib in Resources */,
				2E11049E1B40FDD4003ACDD7 /* DatePickerViewController.xib in Resources */,
				2EF4A1051B293F24003ED259 /* LoginViewController.xib in Resources */,
				2E9D5F6D1B61B2070054D341 /* NonEditableProfileViewController.xib in Resources */,
				2EF4A1121B2949CE003ED259 /* ProfileViewController.xib in Resources */,
				2EF4A10B1B294201003ED259 /* MainViewController.xib in Resources */,
			);
			runOnlyForDeploymentPostprocessing = 0;
		};
		2EF4A0F01B293E95003ED259 /* Resources */ = {
			isa = PBXResourcesBuildPhase;
			buildActionMask = 2147483647;
			files = (
			);
			runOnlyForDeploymentPostprocessing = 0;
		};
/* End PBXResourcesBuildPhase section */

/* Begin PBXSourcesBuildPhase section */
		2EF4A0D91B293E95003ED259 /* Sources */ = {
			isa = PBXSourcesBuildPhase;
			buildActionMask = 2147483647;
			files = (
				2E4402441B6D4FD600B72F0F /* GroupedTextField.swift in Sources */,
				2E92C9F51B40CC8B00E9BF45 /* JTCalendarDayView.m in Sources */,
				2E92C9F71B40CC8B00E9BF45 /* JTCalendarMenuView.m in Sources */,
				2EF6C0451B4F7ED3009C6B35 /* ProfileListTableViewCell.swift in Sources */,
				2E865AA51B891B5300C3C195 /* Annotation.swift in Sources */,
				2E7D14801B471E8A0061CA8B /* LunchMeetSingleton.swift in Sources */,
				2E92C9F61B40CC8B00E9BF45 /* JTCalendarMenuMonthView.m in Sources */,
				2E4402421B6D35F500B72F0F /* UIColor+MaterialPalette.m in Sources */,
				2E11049D1B40FDD4003ACDD7 /* DatePickerViewController.swift in Sources */,
				2EF4A10A1B294201003ED259 /* MainViewController.swift in Sources */,
				2EF4A1041B293F24003ED259 /* LoginViewController.swift in Sources */,
				2E7D14841B4721F70061CA8B /* MainTableViewCell.swift in Sources */,
				2E92C9F91B40CC8B00E9BF45 /* JTCalendarMonthWeekDaysView.m in Sources */,
				2E92C9F81B40CC8B00E9BF45 /* JTCalendarMonthView.m in Sources */,
				2E77CFA91B4077F0001AA867 /* LoginOptionsViewController.swift in Sources */,
				2E92C9FA1B40CC8B00E9BF45 /* JTCalendarWeekView.m in Sources */,
				2E92C9F21B40CC8B00E9BF45 /* JTCalendarAppearance.m in Sources */,
				2EF4A1111B2949CE003ED259 /* ProfileViewController.swift in Sources */,
				2E9D5F6C1B61B2070054D341 /* NonEditableProfileViewController.swift in Sources */,
				2E92C9F31B40CC8B00E9BF45 /* JTCalendarContentView.m in Sources */,
				2EF6C0401B4F7C9F009C6B35 /* ProfileListTableViewController.swift in Sources */,
				2E8543C81B46E58B006C3BA9 /* SettingsViewController.swift in Sources */,
				2E92C9F41B40CC8B00E9BF45 /* JTCalendarDataCache.m in Sources */,
				2E865AA11B88FD8C00C3C195 /* LocationTableViewCell.swift in Sources */,
				2E540ED81B367F9D00DA4490 /* TextField.swift in Sources */,
				2EF4A0E31B293E95003ED259 /* AppDelegate.swift in Sources */,
				2E8D05F31B3F9CD800223559 /* Button.swift in Sources */,
				2E92C9FB1B40CC8B00E9BF45 /* JTCircleView.m in Sources */,
				2E92C9F11B40CC8B00E9BF45 /* JTCalendar.m in Sources */,
			);
			runOnlyForDeploymentPostprocessing = 0;
		};
		2EF4A0EE1B293E95003ED259 /* Sources */ = {
			isa = PBXSourcesBuildPhase;
			buildActionMask = 2147483647;
			files = (
				2EF4A0F91B293E95003ED259 /* Lunch_MeetTests.swift in Sources */,
			);
			runOnlyForDeploymentPostprocessing = 0;
		};
/* End PBXSourcesBuildPhase section */

/* Begin PBXTargetDependency section */
		2EF4A0F41B293E95003ED259 /* PBXTargetDependency */ = {
			isa = PBXTargetDependency;
			target = 2EF4A0DC1B293E95003ED259 /* Lunch Meet */;
			targetProxy = 2EF4A0F31B293E95003ED259 /* PBXContainerItemProxy */;
		};
/* End PBXTargetDependency section */

/* Begin PBXVariantGroup section */
		2EF4A0EB1B293E95003ED259 /* LaunchScreen.xib */ = {
			isa = PBXVariantGroup;
			children = (
				2EF4A0EC1B293E95003ED259 /* Base */,
			);
			name = LaunchScreen.xib;
			sourceTree = "<group>";
		};
/* End PBXVariantGroup section */

/* Begin XCBuildConfiguration section */
		2EF4A0FA1B293E95003ED259 /* Debug */ = {
			isa = XCBuildConfiguration;
			buildSettings = {
				ALWAYS_SEARCH_USER_PATHS = NO;
				CLANG_CXX_LANGUAGE_STANDARD = "gnu++0x";
				CLANG_CXX_LIBRARY = "libc++";
				CLANG_ENABLE_MODULES = YES;
				CLANG_ENABLE_OBJC_ARC = YES;
				CLANG_WARN_BOOL_CONVERSION = YES;
				CLANG_WARN_CONSTANT_CONVERSION = YES;
				CLANG_WARN_DIRECT_OBJC_ISA_USAGE = YES_ERROR;
				CLANG_WARN_EMPTY_BODY = YES;
				CLANG_WARN_ENUM_CONVERSION = YES;
				CLANG_WARN_INT_CONVERSION = YES;
				CLANG_WARN_OBJC_ROOT_CLASS = YES_ERROR;
				CLANG_WARN_UNREACHABLE_CODE = YES;
				CLANG_WARN__DUPLICATE_METHOD_MATCH = YES;
				"CODE_SIGN_IDENTITY[sdk=iphoneos*]" = "iPhone Developer";
				COPY_PHASE_STRIP = NO;
				DEBUG_INFORMATION_FORMAT = "dwarf-with-dsym";
				ENABLE_STRICT_OBJC_MSGSEND = YES;
				GCC_C_LANGUAGE_STANDARD = gnu99;
				GCC_DYNAMIC_NO_PIC = NO;
				GCC_NO_COMMON_BLOCKS = YES;
				GCC_OPTIMIZATION_LEVEL = 0;
				GCC_PREPROCESSOR_DEFINITIONS = (
					"DEBUG=1",
					"$(inherited)",
				);
				GCC_SYMBOLS_PRIVATE_EXTERN = NO;
				GCC_WARN_64_TO_32_BIT_CONVERSION = YES;
				GCC_WARN_ABOUT_RETURN_TYPE = YES_ERROR;
				GCC_WARN_UNDECLARED_SELECTOR = YES;
				GCC_WARN_UNINITIALIZED_AUTOS = YES_AGGRESSIVE;
				GCC_WARN_UNUSED_FUNCTION = YES;
				GCC_WARN_UNUSED_VARIABLE = YES;
				IPHONEOS_DEPLOYMENT_TARGET = 8.3;
				MTL_ENABLE_DEBUG_INFO = YES;
				ONLY_ACTIVE_ARCH = YES;
				SDKROOT = iphoneos;
				SWIFT_OPTIMIZATION_LEVEL = "-Onone";
				TARGETED_DEVICE_FAMILY = "1,2";
			};
			name = Debug;
		};
		2EF4A0FB1B293E95003ED259 /* Release */ = {
			isa = XCBuildConfiguration;
			buildSettings = {
				ALWAYS_SEARCH_USER_PATHS = NO;
				CLANG_CXX_LANGUAGE_STANDARD = "gnu++0x";
				CLANG_CXX_LIBRARY = "libc++";
				CLANG_ENABLE_MODULES = YES;
				CLANG_ENABLE_OBJC_ARC = YES;
				CLANG_WARN_BOOL_CONVERSION = YES;
				CLANG_WARN_CONSTANT_CONVERSION = YES;
				CLANG_WARN_DIRECT_OBJC_ISA_USAGE = YES_ERROR;
				CLANG_WARN_EMPTY_BODY = YES;
				CLANG_WARN_ENUM_CONVERSION = YES;
				CLANG_WARN_INT_CONVERSION = YES;
				CLANG_WARN_OBJC_ROOT_CLASS = YES_ERROR;
				CLANG_WARN_UNREACHABLE_CODE = YES;
				CLANG_WARN__DUPLICATE_METHOD_MATCH = YES;
				"CODE_SIGN_IDENTITY[sdk=iphoneos*]" = "iPhone Developer";
				COPY_PHASE_STRIP = NO;
				DEBUG_INFORMATION_FORMAT = "dwarf-with-dsym";
				ENABLE_NS_ASSERTIONS = NO;
				ENABLE_STRICT_OBJC_MSGSEND = YES;
				GCC_C_LANGUAGE_STANDARD = gnu99;
				GCC_NO_COMMON_BLOCKS = YES;
				GCC_WARN_64_TO_32_BIT_CONVERSION = YES;
				GCC_WARN_ABOUT_RETURN_TYPE = YES_ERROR;
				GCC_WARN_UNDECLARED_SELECTOR = YES;
				GCC_WARN_UNINITIALIZED_AUTOS = YES_AGGRESSIVE;
				GCC_WARN_UNUSED_FUNCTION = YES;
				GCC_WARN_UNUSED_VARIABLE = YES;
				IPHONEOS_DEPLOYMENT_TARGET = 8.3;
				MTL_ENABLE_DEBUG_INFO = NO;
				SDKROOT = iphoneos;
				TARGETED_DEVICE_FAMILY = "1,2";
				VALIDATE_PRODUCT = YES;
			};
			name = Release;
		};
		2EF4A0FD1B293E95003ED259 /* Debug */ = {
			isa = XCBuildConfiguration;
			buildSettings = {
				ASSETCATALOG_COMPILER_APPICON_NAME = AppIcon;
				INFOPLIST_FILE = "Lunch Meet/Info.plist";
				IPHONEOS_DEPLOYMENT_TARGET = 8.0;
				LD_RUNPATH_SEARCH_PATHS = "$(inherited) @executable_path/Frameworks";
				PRODUCT_NAME = "$(TARGET_NAME)";
				SWIFT_INSTALL_OBJC_HEADER = YES;
				SWIFT_OBJC_BRIDGING_HEADER = "$(SRCROOT)/$(PROJECT_NAME)/LunchMeet-Bridging-Header.h";
			};
			name = Debug;
		};
		2EF4A0FE1B293E95003ED259 /* Release */ = {
			isa = XCBuildConfiguration;
			buildSettings = {
				ASSETCATALOG_COMPILER_APPICON_NAME = AppIcon;
				INFOPLIST_FILE = "Lunch Meet/Info.plist";
				IPHONEOS_DEPLOYMENT_TARGET = 8.0;
				LD_RUNPATH_SEARCH_PATHS = "$(inherited) @executable_path/Frameworks";
				PRODUCT_NAME = "$(TARGET_NAME)";
				SWIFT_INSTALL_OBJC_HEADER = YES;
				SWIFT_OBJC_BRIDGING_HEADER = "$(SRCROOT)/$(PROJECT_NAME)/LunchMeet-Bridging-Header.h";
			};
			name = Release;
		};
		2EF4A1001B293E95003ED259 /* Debug */ = {
			isa = XCBuildConfiguration;
			buildSettings = {
				BUNDLE_LOADER = "$(TEST_HOST)";
				FRAMEWORK_SEARCH_PATHS = (
					"$(SDKROOT)/Developer/Library/Frameworks",
					"$(inherited)",
				);
				GCC_PREPROCESSOR_DEFINITIONS = (
					"DEBUG=1",
					"$(inherited)",
				);
				INFOPLIST_FILE = "Lunch MeetTests/Info.plist";
				LD_RUNPATH_SEARCH_PATHS = "$(inherited) @executable_path/Frameworks @loader_path/Frameworks";
				PRODUCT_NAME = "$(TARGET_NAME)";
				TEST_HOST = "$(BUILT_PRODUCTS_DIR)/Lunch Meet.app/Lunch Meet";
			};
			name = Debug;
		};
		2EF4A1011B293E95003ED259 /* Release */ = {
			isa = XCBuildConfiguration;
			buildSettings = {
				BUNDLE_LOADER = "$(TEST_HOST)";
				FRAMEWORK_SEARCH_PATHS = (
					"$(SDKROOT)/Developer/Library/Frameworks",
					"$(inherited)",
				);
				INFOPLIST_FILE = "Lunch MeetTests/Info.plist";
				LD_RUNPATH_SEARCH_PATHS = "$(inherited) @executable_path/Frameworks @loader_path/Frameworks";
				PRODUCT_NAME = "$(TARGET_NAME)";
				TEST_HOST = "$(BUILT_PRODUCTS_DIR)/Lunch Meet.app/Lunch Meet";
			};
			name = Release;
		};
/* End XCBuildConfiguration section */

/* Begin XCConfigurationList section */
		2EF4A0D81B293E95003ED259 /* Build configuration list for PBXProject "Lunch Meet" */ = {
			isa = XCConfigurationList;
			buildConfigurations = (
				2EF4A0FA1B293E95003ED259 /* Debug */,
				2EF4A0FB1B293E95003ED259 /* Release */,
			);
			defaultConfigurationIsVisible = 0;
			defaultConfigurationName = Release;
		};
		2EF4A0FC1B293E95003ED259 /* Build configuration list for PBXNativeTarget "Lunch Meet" */ = {
			isa = XCConfigurationList;
			buildConfigurations = (
				2EF4A0FD1B293E95003ED259 /* Debug */,
				2EF4A0FE1B293E95003ED259 /* Release */,
			);
			defaultConfigurationIsVisible = 0;
			defaultConfigurationName = Release;
		};
		2EF4A0FF1B293E95003ED259 /* Build configuration list for PBXNativeTarget "Lunch MeetTests" */ = {
			isa = XCConfigurationList;
			buildConfigurations = (
				2EF4A1001B293E95003ED259 /* Debug */,
				2EF4A1011B293E95003ED259 /* Release */,
			);
			defaultConfigurationIsVisible = 0;
			defaultConfigurationName = Release;
		};
/* End XCConfigurationList section */
	};
	rootObject = 2EF4A0D51B293E95003ED259 /* Project object */;
}
